
Microsoft Visual Studio Solution File, Format Version 12.00
# Visual Studio Version 17
VisualStudioVersion = 17.6.33815.320
MinimumVisualStudioVersion = 10.0.40219.1
Project("{FAE04EC0-301F-11D3-BF4B-00C04F79EFBC}") = "Upic", "Upic.csproj", "{A5065775-F058-40F9-83BD-BC1E7139412C}"
EndProject
Global
	GlobalSection(SolutionConfigurationPlatforms) = preSolution
		Debug|Any CPU = Debug|Any CPU
		Release|Any CPU = Release|Any CPU
	EndGlobalSection
	GlobalSection(ProjectConfigurationPlatforms) = postSolution
		{A5065775-F058-40F9-83BD-BC1E7139412C}.Debug|Any CPU.ActiveCfg = Debug|Any CPU
		{A5065775-F058-40F9-83BD-BC1E7139412C}.Debug|Any CPU.Build.0 = Debug|Any CPU
		{A5065775-F058-40F9-83BD-BC1E7139412C}.Release|Any CPU.ActiveCfg = Release|Any CPU
		{A5065775-F058-40F9-83BD-BC1E7139412C}.Release|Any CPU.Build.0 = Release|Any CPU
	EndGlobalSection
	GlobalSection(SolutionProperties) = preSolution
		HideSolutionNode = FALSE
	EndGlobalSection
	GlobalSection(ExtensibilityGlobals) = postSolution
		SolutionGuid = {B4631A3F-9E11-4B73-93C5-DAE2496189CD}
	EndGlobalSection
EndGlobal
